{
	"name": "workspace",
	"lockfileVersion": 3,
	"requires": true,
	"packages": {
		"": {
			"name": "workspace",
			"dependencies": {
				"openai": "^6.29.0",
				"remix": "^3.0.0-alpha.4",
				"tsx": "^4.20.5"
			},
			"devDependencies": {
				"@biomejs/biome": "^2.4.7",
				"@types/node": "^24.5.2",
				"typescript": "^5.9.2"
			}
		},
		"node_modules/@biomejs/biome": {
			"version": "2.4.7",
			"resolved": "https://registry.npmjs.org/@biomejs/biome/-/biome-2.4.7.tgz",
			"integrity": "sha512-vXrgcmNGZ4lpdwZSpMf1hWw1aWS6B+SyeSYKTLrNsiUsAdSRN0J4d/7mF3ogJFbIwFFSOL3wT92Zzxia/d5/ng==",
			"dev": true,
			"license": "MIT OR Apache-2.0",
			"bin": {
				"biome": "bin/biome"
			},
			"engines": {
				"node": ">=14.21.3"
			},
			"funding": {
				"type": "opencollective",
				"url": "https://opencollective.com/biome"
			},
			"optionalDependencies": {
				"@biomejs/cli-darwin-arm64": "2.4.7",
				"@biomejs/cli-darwin-x64": "2.4.7",
				"@biomejs/cli-linux-arm64": "2.4.7",
				"@biomejs/cli-linux-arm64-musl": "2.4.7",
				"@biomejs/cli-linux-x64": "2.4.7",
				"@biomejs/cli-linux-x64-musl": "2.4.7",
				"@biomejs/cli-win32-arm64": "2.4.7",
				"@biomejs/cli-win32-x64": "2.4.7"
			}
		},
		"node_modules/@biomejs/cli-darwin-arm64": {
			"version": "2.4.7",
			"resolved": "https://registry.npmjs.org/@biomejs/cli-darwin-arm64/-/cli-darwin-arm64-2.4.7.tgz",
			"integrity": "sha512-Oo0cF5mHzmvDmTXw8XSjhCia8K6YrZnk7aCS54+/HxyMdZMruMO3nfpDsrlar/EQWe41r1qrwKiCa2QDYHDzWA==",
			"cpu": [
				"arm64"
			],
			"dev": true,
			"license": "MIT OR Apache-2.0",
			"optional": true,
			"os": [
				"darwin"
			],
			"engines": {
				"node": ">=14.21.3"
			}
		},
		"node_modules/@biomejs/cli-darwin-x64": {
			"version": "2.4.7",
			"resolved": "https://registry.npmjs.org/@biomejs/cli-darwin-x64/-/cli-darwin-x64-2.4.7.tgz",
			"integrity": "sha512-I+cOG3sd/7HdFtvDSnF9QQPrWguUH7zrkIMMykM3PtfWU9soTcS2yRb9Myq6MHmzbeCT08D1UmY+BaiMl5CcoQ==",
			"cpu": [
				"x64"
			],
			"dev": true,
			"license": "MIT OR Apache-2.0",
			"optional": true,
			"os": [
				"darwin"
			],
			"engines": {
				"node": ">=14.21.3"
			}
		},
		"node_modules/@biomejs/cli-linux-arm64": {
			"version": "2.4.7",
			"resolved": "https://registry.npmjs.org/@biomejs/cli-linux-arm64/-/cli-linux-arm64-2.4.7.tgz",
			"integrity": "sha512-om6FugwmibzfP/6ALj5WRDVSND4H2G9X0nkI1HZpp2ySf9lW2j0X68oQSaHEnls6666oy4KDsc5RFjT4m0kV0w==",
			"cpu": [
				"arm64"
			],
			"dev": true,
			"license": "MIT OR Apache-2.0",
			"optional": true,
			"os": [
				"linux"
			],
			"engines": {
				"node": ">=14.21.3"
			}
		},
		"node_modules/@biomejs/cli-linux-arm64-musl": {
			"version": "2.4.7",
			"resolved": "https://registry.npmjs.org/@biomejs/cli-linux-arm64-musl/-/cli-linux-arm64-musl-2.4.7.tgz",
			"integrity": "sha512-I2NvM9KPb09jWml93O2/5WMfNR7Lee5Latag1JThDRMURVhPX74p9UDnyTw3Ae6cE1DgXfw7sqQgX7rkvpc0vw==",
			"cpu": [
				"arm64"
			],
			"dev": true,
			"license": "MIT OR Apache-2.0",
			"optional": true,
			"os": [
				"linux"
			],
			"engines": {
				"node": ">=14.21.3"
			}
		},
		"node_modules/@biomejs/cli-linux-x64": {
			"version": "2.4.7",
			"resolved": "https://registry.npmjs.org/@biomejs/cli-linux-x64/-/cli-linux-x64-2.4.7.tgz",
			"integrity": "sha512-bV8/uo2Tj+gumnk4sUdkerWyCPRabaZdv88IpbmDWARQQoA/Q0YaqPz1a+LSEDIL7OfrnPi9Hq1Llz4ZIGyIQQ==",
			"cpu": [
				"x64"
			],
			"dev": true,
			"license": "MIT OR Apache-2.0",
			"optional": true,
			"os": [
				"linux"
			],
			"engines": {
				"node": ">=14.21.3"
			}
		},
		"node_modules/@biomejs/cli-linux-x64-musl": {
			"version": "2.4.7",
			"resolved": "https://registry.npmjs.org/@biomejs/cli-linux-x64-musl/-/cli-linux-x64-musl-2.4.7.tgz",
			"integrity": "sha512-00kx4YrBMU8374zd2wHuRV5wseh0rom5HqRND+vDldJPrWwQw+mzd/d8byI9hPx926CG+vWzq6AeiT7Yi5y59g==",
			"cpu": [
				"x64"
			],
			"dev": true,
			"license": "MIT OR Apache-2.0",
			"optional": true,
			"os": [
				"linux"
			],
			"engines": {
				"node": ">=14.21.3"
			}
		},
		"node_modules/@biomejs/cli-win32-arm64": {
			"version": "2.4.7",
			"resolved": "https://registry.npmjs.org/@biomejs/cli-win32-arm64/-/cli-win32-arm64-2.4.7.tgz",
			"integrity": "sha512-hOUHBMlFCvDhu3WCq6vaBoG0dp0LkWxSEnEEsxxXvOa9TfT6ZBnbh72A/xBM7CBYB7WgwqboetzFEVDnMxelyw==",
			"cpu": [
				"arm64"
			],
			"dev": true,
			"license": "MIT OR Apache-2.0",
			"optional": true,
			"os": [
				"win32"
			],
			"engines": {
				"node": ">=14.21.3"
			}
		},
		"node_modules/@biomejs/cli-win32-x64": {
			"version": "2.4.7",
			"resolved": "https://registry.npmjs.org/@biomejs/cli-win32-x64/-/cli-win32-x64-2.4.7.tgz",
			"integrity": "sha512-qEpGjSkPC3qX4ycbMUthXvi9CkRq7kZpkqMY1OyhmYlYLnANnooDQ7hDerM8+0NJ+DZKVnsIc07h30XOpt7LtQ==",
			"cpu": [
				"x64"
			],
			"dev": true,
			"license": "MIT OR Apache-2.0",
			"optional": true,
			"os": [
				"win32"
			],
			"engines": {
				"node": ">=14.21.3"
			}
		},
		"node_modules/@esbuild/aix-ppc64": {
			"version": "0.27.4",
			"resolved": "https://registry.npmjs.org/@esbuild/aix-ppc64/-/aix-ppc64-0.27.4.tgz",
			"integrity": "sha512-cQPwL2mp2nSmHHJlCyoXgHGhbEPMrEEU5xhkcy3Hs/O7nGZqEpZ2sUtLaL9MORLtDfRvVl2/3PAuEkYZH0Ty8Q==",
			"cpu": [
				"ppc64"
			],
			"license": "MIT",
			"optional": true,
			"os": [
				"aix"
			],
			"engines": {
				"node": ">=18"
			}
		},
		"node_modules/@esbuild/android-arm": {
			"version": "0.27.4",
			"resolved": "https://registry.npmjs.org/@esbuild/android-arm/-/android-arm-0.27.4.tgz",
			"integrity": "sha512-X9bUgvxiC8CHAGKYufLIHGXPJWnr0OCdR0anD2e21vdvgCI8lIfqFbnoeOz7lBjdrAGUhqLZLcQo6MLhTO2DKQ==",
			"cpu": [
				"arm"
			],
			"license": "MIT",
			"optional": true,
			"os": [
				"android"
			],
			"engines": {
				"node": ">=18"
			}
		},
		"node_modules/@esbuild/android-arm64": {
			"version": "0.27.4",
			"resolved": "https://registry.npmjs.org/@esbuild/android-arm64/-/android-arm64-0.27.4.tgz",
			"integrity": "sha512-gdLscB7v75wRfu7QSm/zg6Rx29VLdy9eTr2t44sfTW7CxwAtQghZ4ZnqHk3/ogz7xao0QAgrkradbBzcqFPasw==",
			"cpu": [
				"arm64"
			],
			"license": "MIT",
			"optional": true,
			"os": [
				"android"
			],
			"engines": {
				"node": ">=18"
			}
		},
		"node_modules/@esbuild/android-x64": {
			"version": "0.27.4",
			"resolved": "https://registry.npmjs.org/@esbuild/android-x64/-/android-x64-0.27.4.tgz",
			"integrity": "sha512-PzPFnBNVF292sfpfhiyiXCGSn9HZg5BcAz+ivBuSsl6Rk4ga1oEXAamhOXRFyMcjwr2DVtm40G65N3GLeH1Lvw==",
			"cpu": [
				"x64"
			],
			"license": "MIT",
			"optional": true,
			"os": [
				"android"
			],
			"engines": {
				"node": ">=18"
			}
		},
		"node_modules/@esbuild/darwin-arm64": {
			"version": "0.27.4",
			"resolved": "https://registry.npmjs.org/@esbuild/darwin-arm64/-/darwin-arm64-0.27.4.tgz",
			"integrity": "sha512-b7xaGIwdJlht8ZFCvMkpDN6uiSmnxxK56N2GDTMYPr2/gzvfdQN8rTfBsvVKmIVY/X7EM+/hJKEIbbHs9oA4tQ==",
			"cpu": [
				"arm64"
			],
			"license": "MIT",
			"optional": true,
			"os": [
				"darwin"
			],
			"engines": {
				"node": ">=18"
			}
		},
		"node_modules/@esbuild/darwin-x64": {
			"version": "0.27.4",
			"resolved": "https://registry.npmjs.org/@esbuild/darwin-x64/-/darwin-x64-0.27.4.tgz",
			"integrity": "sha512-sR+OiKLwd15nmCdqpXMnuJ9W2kpy0KigzqScqHI3Hqwr7IXxBp3Yva+yJwoqh7rE8V77tdoheRYataNKL4QrPw==",
			"cpu": [
				"x64"
			],
			"license": "MIT",
			"optional": true,
			"os": [
				"darwin"
			],
			"engines": {
				"node": ">=18"
			}
		},
		"node_modules/@esbuild/freebsd-arm64": {
			"version": "0.27.4",
			"resolved": "https://registry.npmjs.org/@esbuild/freebsd-arm64/-/freebsd-arm64-0.27.4.tgz",
			"integrity": "sha512-jnfpKe+p79tCnm4GVav68A7tUFeKQwQyLgESwEAUzyxk/TJr4QdGog9sqWNcUbr/bZt/O/HXouspuQDd9JxFSw==",
			"cpu": [
				"arm64"
			],
			"license": "MIT",
			"optional": true,
			"os": [
				"freebsd"
			],
			"engines": {
				"node": ">=18"
			}
		},
		"node_modules/@esbuild/freebsd-x64": {
			"version": "0.27.4",
			"resolved": "https://registry.npmjs.org/@esbuild/freebsd-x64/-/freebsd-x64-0.27.4.tgz",
			"integrity": "sha512-2kb4ceA/CpfUrIcTUl1wrP/9ad9Atrp5J94Lq69w7UwOMolPIGrfLSvAKJp0RTvkPPyn6CIWrNy13kyLikZRZQ==",
			"cpu": [
				"x64"
			],
			"license": "MIT",
			"optional": true,
			"os": [
				"freebsd"
			],
			"engines": {
				"node": ">=18"
			}
		},
		"node_modules/@esbuild/linux-arm": {
			"version": "0.27.4",
			"resolved": "https://registry.npmjs.org/@esbuild/linux-arm/-/linux-arm-0.27.4.tgz",
			"integrity": "sha512-aBYgcIxX/wd5n2ys0yESGeYMGF+pv6g0DhZr3G1ZG4jMfruU9Tl1i2Z+Wnj9/KjGz1lTLCcorqE2viePZqj4Eg==",
			"cpu": [
				"arm"
			],
			"license": "MIT",
			"optional": true,
			"os": [
				"linux"
			],
			"engines": {
				"node": ">=18"
			}
		},
		"node_modules/@esbuild/linux-arm64": {
			"version": "0.27.4",
			"resolved": "https://registry.npmjs.org/@esbuild/linux-arm64/-/linux-arm64-0.27.4.tgz",
			"integrity": "sha512-7nQOttdzVGth1iz57kxg9uCz57dxQLHWxopL6mYuYthohPKEK0vU0C3O21CcBK6KDlkYVcnDXY099HcCDXd9dA==",
			"cpu": [
				"arm64"
			],
			"license": "MIT",
			"optional": true,
			"os": [
				"linux"
			],
			"engines": {
				"node": ">=18"
			}
		},
		"node_modules/@esbuild/linux-ia32": {
			"version": "0.27.4",
			"resolved": "https://registry.npmjs.org/@esbuild/linux-ia32/-/linux-ia32-0.27.4.tgz",
			"integrity": "sha512-oPtixtAIzgvzYcKBQM/qZ3R+9TEUd1aNJQu0HhGyqtx6oS7qTpvjheIWBbes4+qu1bNlo2V4cbkISr8q6gRBFA==",
			"cpu": [
				"ia32"
			],
			"license": "MIT",
			"optional": true,
			"os": [
				"linux"
			],
			"engines": {
				"node": ">=18"
			}
		},
		"node_modules/@esbuild/linux-loong64": {
			"version": "0.27.4",
			"resolved": "https://registry.npmjs.org/@esbuild/linux-loong64/-/linux-loong64-0.27.4.tgz",
			"integrity": "sha512-8mL/vh8qeCoRcFH2nM8wm5uJP+ZcVYGGayMavi8GmRJjuI3g1v6Z7Ni0JJKAJW+m0EtUuARb6Lmp4hMjzCBWzA==",
			"cpu": [
				"loong64"
			],
			"license": "MIT",
			"optional": true,
			"os": [
				"linux"
			],
			"engines": {
				"node": ">=18"
			}
		},
		"node_modules/@esbuild/linux-mips64el": {
			"version": "0.27.4",
			"resolved": "https://registry.npmjs.org/@esbuild/linux-mips64el/-/linux-mips64el-0.27.4.tgz",
			"integrity": "sha512-1RdrWFFiiLIW7LQq9Q2NES+HiD4NyT8Itj9AUeCl0IVCA459WnPhREKgwrpaIfTOe+/2rdntisegiPWn/r/aAw==",
			"cpu": [
				"mips64el"
			],
			"license": "MIT",
			"optional": true,
			"os": [
				"linux"
			],
			"engines": {
				"node": ">=18"
			}
		},
		"node_modules/@esbuild/linux-ppc64": {
			"version": "0.27.4",
			"resolved": "https://registry.npmjs.org/@esbuild/linux-ppc64/-/linux-ppc64-0.27.4.tgz",
			"integrity": "sha512-tLCwNG47l3sd9lpfyx9LAGEGItCUeRCWeAx6x2Jmbav65nAwoPXfewtAdtbtit/pJFLUWOhpv0FpS6GQAmPrHA==",
			"cpu": [
				"ppc64"
			],
			"license": "MIT",
			"optional": true,
			"os": [
				"linux"
			],
			"engines": {
				"node": ">=18"
			}
		},
		"node_modules/@esbuild/linux-riscv64": {
			"version": "0.27.4",
			"resolved": "https://registry.npmjs.org/@esbuild/linux-riscv64/-/linux-riscv64-0.27.4.tgz",
			"integrity": "sha512-BnASypppbUWyqjd1KIpU4AUBiIhVr6YlHx/cnPgqEkNoVOhHg+YiSVxM1RLfiy4t9cAulbRGTNCKOcqHrEQLIw==",
			"cpu": [
				"riscv64"
			],
			"license": "MIT",
			"optional": true,
			"os": [
				"linux"
			],
			"engines": {
				"node": ">=18"
			}
		},
		"node_modules/@esbuild/linux-s390x": {
			"version": "0.27.4",
			"resolved": "https://registry.npmjs.org/@esbuild/linux-s390x/-/linux-s390x-0.27.4.tgz",
			"integrity": "sha512-+eUqgb/Z7vxVLezG8bVB9SfBie89gMueS+I0xYh2tJdw3vqA/0ImZJ2ROeWwVJN59ihBeZ7Tu92dF/5dy5FttA==",
			"cpu": [
				"s390x"
			],
			"license": "MIT",
			"optional": true,
			"os": [
				"linux"
			],
			"engines": {
				"node": ">=18"
			}
		},
		"node_modules/@esbuild/linux-x64": {
			"version": "0.27.4",
			"resolved": "https://registry.npmjs.org/@esbuild/linux-x64/-/linux-x64-0.27.4.tgz",
			"integrity": "sha512-S5qOXrKV8BQEzJPVxAwnryi2+Iq5pB40gTEIT69BQONqR7JH1EPIcQ/Uiv9mCnn05jff9umq/5nqzxlqTOg9NA==",
			"cpu": [
				"x64"
			],
			"license": "MIT",
			"optional": true,
			"os": [
				"linux"
			],
			"engines": {
				"node": ">=18"
			}
		},
		"node_modules/@esbuild/netbsd-arm64": {
			"version": "0.27.4",
			"resolved": "https://registry.npmjs.org/@esbuild/netbsd-arm64/-/netbsd-arm64-0.27.4.tgz",
			"integrity": "sha512-xHT8X4sb0GS8qTqiwzHqpY00C95DPAq7nAwX35Ie/s+LO9830hrMd3oX0ZMKLvy7vsonee73x0lmcdOVXFzd6Q==",
			"cpu": [
				"arm64"
			],
			"license": "MIT",
			"optional": true,
			"os": [
				"netbsd"
			],
			"engines": {
				"node": ">=18"
			}
		},
		"node_modules/@esbuild/netbsd-x64": {
			"version": "0.27.4",
			"resolved": "https://registry.npmjs.org/@esbuild/netbsd-x64/-/netbsd-x64-0.27.4.tgz",
			"integrity": "sha512-RugOvOdXfdyi5Tyv40kgQnI0byv66BFgAqjdgtAKqHoZTbTF2QqfQrFwa7cHEORJf6X2ht+l9ABLMP0dnKYsgg==",
			"cpu": [
				"x64"
			],
			"license": "MIT",
			"optional": true,
			"os": [
				"netbsd"
			],
			"engines": {
				"node": ">=18"
			}
		},
		"node_modules/@esbuild/openbsd-arm64": {
			"version": "0.27.4",
			"resolved": "https://registry.npmjs.org/@esbuild/openbsd-arm64/-/openbsd-arm64-0.27.4.tgz",
			"integrity": "sha512-2MyL3IAaTX+1/qP0O1SwskwcwCoOI4kV2IBX1xYnDDqthmq5ArrW94qSIKCAuRraMgPOmG0RDTA74mzYNQA9ow==",
			"cpu": [
				"arm64"
			],
			"license": "MIT",
			"optional": true,
			"os": [
				"openbsd"
			],
			"engines": {
				"node": ">=18"
			}
		},
		"node_modules/@esbuild/openbsd-x64": {
			"version": "0.27.4",
			"resolved": "https://registry.npmjs.org/@esbuild/openbsd-x64/-/openbsd-x64-0.27.4.tgz",
			"integrity": "sha512-u8fg/jQ5aQDfsnIV6+KwLOf1CmJnfu1ShpwqdwC0uA7ZPwFws55Ngc12vBdeUdnuWoQYx/SOQLGDcdlfXhYmXQ==",
			"cpu": [
				"x64"
			],
			"license": "MIT",
			"optional": true,
			"os": [
				"openbsd"
			],
			"engines": {
				"node": ">=18"
			}
		},
		"node_modules/@esbuild/openharmony-arm64": {
			"version": "0.27.4",
			"resolved": "https://registry.npmjs.org/@esbuild/openharmony-arm64/-/openharmony-arm64-0.27.4.tgz",
			"integrity": "sha512-JkTZrl6VbyO8lDQO3yv26nNr2RM2yZzNrNHEsj9bm6dOwwu9OYN28CjzZkH57bh4w0I2F7IodpQvUAEd1mbWXg==",
			"cpu": [
				"arm64"
			],
			"license": "MIT",
			"optional": true,
			"os": [
				"openharmony"
			],
			"engines": {
				"node": ">=18"
			}
		},
		"node_modules/@esbuild/sunos-x64": {
			"version": "0.27.4",
			"resolved": "https://registry.npmjs.org/@esbuild/sunos-x64/-/sunos-x64-0.27.4.tgz",
			"integrity": "sha512-/gOzgaewZJfeJTlsWhvUEmUG4tWEY2Spp5M20INYRg2ZKl9QPO3QEEgPeRtLjEWSW8FilRNacPOg8R1uaYkA6g==",
			"cpu": [
				"x64"
			],
			"license": "MIT",
			"optional": true,
			"os": [
				"sunos"
			],
			"engines": {
				"node": ">=18"
			}
		},
		"node_modules/@esbuild/win32-arm64": {
			"version": "0.27.4",
			"resolved": "https://registry.npmjs.org/@esbuild/win32-arm64/-/win32-arm64-0.27.4.tgz",
			"integrity": "sha512-Z9SExBg2y32smoDQdf1HRwHRt6vAHLXcxD2uGgO/v2jK7Y718Ix4ndsbNMU/+1Qiem9OiOdaqitioZwxivhXYg==",
			"cpu": [
				"arm64"
			],
			"license": "MIT",
			"optional": true,
			"os": [
				"win32"
			],
			"engines": {
				"node": ">=18"
			}
		},
		"node_modules/@esbuild/win32-ia32": {
			"version": "0.27.4",
			"resolved": "https://registry.npmjs.org/@esbuild/win32-ia32/-/win32-ia32-0.27.4.tgz",
			"integrity": "sha512-DAyGLS0Jz5G5iixEbMHi5KdiApqHBWMGzTtMiJ72ZOLhbu/bzxgAe8Ue8CTS3n3HbIUHQz/L51yMdGMeoxXNJw==",
			"cpu": [
				"ia32"
			],
			"license": "MIT",
			"optional": true,
			"os": [
				"win32"
			],
			"engines": {
				"node": ">=18"
			}
		},
		"node_modules/@esbuild/win32-x64": {
			"version": "0.27.4",
			"resolved": "https://registry.npmjs.org/@esbuild/win32-x64/-/win32-x64-0.27.4.tgz",
			"integrity": "sha512-+knoa0BDoeXgkNvvV1vvbZX4+hizelrkwmGJBdT17t8FNPwG2lKemmuMZlmaNQ3ws3DKKCxpb4zRZEIp3UxFCg==",
			"cpu": [
				"x64"
			],
			"license": "MIT",
			"optional": true,
			"os": [
				"win32"
			],
			"engines": {
				"node": ">=18"
			}
		},
		"node_modules/@remix-run/async-context-middleware": {
			"version": "0.2.0",
			"resolved": "https://registry.npmjs.org/@remix-run/async-context-middleware/-/async-context-middleware-0.2.0.tgz",
			"integrity": "sha512-ebnPM2OFM/BO3GSoRKs2i5+lgY/fIunzpL8/RhuEuP9a04cQYXMbEzbdae+qBHTgtsVdPrqeGr/lwlF5FNnQZA==",
			"license": "MIT",
			"dependencies": {
				"@remix-run/fetch-router": "^0.18.0"
			}
		},
		"node_modules/@remix-run/auth": {
			"version": "0.1.0",
			"resolved": "https://registry.npmjs.org/@remix-run/auth/-/auth-0.1.0.tgz",
			"integrity": "sha512-TFsK40jymT7iZyGWOjoqlFFmILdDXy3jYBoI1mohjdqrp8SVWbm7htiSbdd+j8DGBUEbxMTvKcaVG0bPA1M8VA==",
			"license": "MIT",
			"dependencies": {
				"@remix-run/fetch-router": "^0.18.0",
				"@remix-run/session": "^0.4.1"
			}
		},
		"node_modules/@remix-run/auth-middleware": {
			"version": "0.1.0",
			"resolved": "https://registry.npmjs.org/@remix-run/auth-middleware/-/auth-middleware-0.1.0.tgz",
			"integrity": "sha512-QZlI4MyU8VTVI6WB4T4MWWqtbYrIUiiBG3mgdJUXjEYMBBoxVAkT/6rT3YErmhX+SVARP2zC46qzujrbYcQLCQ==",
			"license": "MIT",
			"dependencies": {
				"@remix-run/fetch-router": "^0.18.0",
				"@remix-run/session": "^0.4.1"
			}
		},
		"node_modules/@remix-run/compression-middleware": {
			"version": "0.1.4",
			"resolved": "https://registry.npmjs.org/@remix-run/compression-middleware/-/compression-middleware-0.1.4.tgz",
			"integrity": "sha512-vE+d4a04Tq9fO5KBmNtMD5GKJEt6U++B1yufEdBMNe5ROBQkpPWSuKlhkRcZyoV8SPEI2HbkKMtQ8QXfGJR11g==",
			"license": "MIT",
			"dependencies": {
				"@remix-run/fetch-router": "^0.18.0",
				"@remix-run/mime": "^0.4.0",
				"@remix-run/response": "^0.3.2"
			}
		},
		"node_modules/@remix-run/cookie": {
			"version": "0.5.1",
			"resolved": "https://registry.npmjs.org/@remix-run/cookie/-/cookie-0.5.1.tgz",
			"integrity": "sha512-gbeZfVd1AKRlFj3IJWcIcR6zqVGz2XGJhR+mcqYiWnYt6KM8oUGtc82dsc4qZnWWA1f0nM4/He9wrU4GjB0pag==",
			"license": "MIT",
			"dependencies": {
				"@remix-run/headers": "^0.19.0"
			}
		},
		"node_modules/@remix-run/cop-middleware": {
			"version": "0.1.0",
			"resolved": "https://registry.npmjs.org/@remix-run/cop-middleware/-/cop-middleware-0.1.0.tgz",
			"integrity": "sha512-5rMNrBswTJJLPsu1nUfXubgVf7XBTRfPNfd/4QQHaXRdhXVWVxU9HbNJrOjd7iNbBWuZeaJxSdDepbQLnuBkTg==",
			"license": "MIT",
			"dependencies": {
				"@remix-run/fetch-router": "^0.18.0"
			}
		},
		"node_modules/@remix-run/cors-middleware": {
			"version": "0.1.0",
			"resolved": "https://registry.npmjs.org/@remix-run/cors-middleware/-/cors-middleware-0.1.0.tgz",
			"integrity": "sha512-x5nyxDhWEOnznqetDhtj5WYoHrKpbiZ8K6BCGQ2+DFjLYHoyWCayciUNrqOVSIWc5XdV6KlKHcg1TyQvW/cS4w==",
			"license": "MIT",
			"dependencies": {
				"@remix-run/fetch-router": "^0.18.0",
				"@remix-run/headers": "^0.19.0"
			}
		},
		"node_modules/@remix-run/csrf-middleware": {
			"version": "0.1.0",
			"resolved": "https://registry.npmjs.org/@remix-run/csrf-middleware/-/csrf-middleware-0.1.0.tgz",
			"integrity": "sha512-EZAV9UZrx3qdYu3ov9NgFVJchw6kOLYI2uRB+e3WBVW1phruHKc42EpdJIZ6fU0J9Of0Lfo4X4VTM7O1/u1cWw==",
			"license": "MIT",
			"dependencies": {
				"@remix-run/fetch-router": "^0.18.0",
				"@remix-run/session": "^0.4.1"
			}
		},
		"node_modules/@remix-run/data-schema": {
			"version": "0.2.0",
			"resolved": "https://registry.npmjs.org/@remix-run/data-schema/-/data-schema-0.2.0.tgz",
			"integrity": "sha512-bXgdWcWZS6TkbVO9Piwn035iw0LczfSTFrCW4Vd1k57x/4j3eWZwfHBr3lXdw5whefacs3m3pVZ8RUiu8NtBeA==",
			"license": "MIT",
			"dependencies": {
				"@standard-schema/spec": "^1.1.0"
			}
		},
		"node_modules/@remix-run/data-table": {
			"version": "0.2.0",
			"resolved": "https://registry.npmjs.org/@remix-run/data-table/-/data-table-0.2.0.tgz",
			"integrity": "sha512-6QbdlKER0F0rX3XkTHC7ZPBgu/dyGvvgrKRbraBD9iGHTE7AED1emo3/YWsDJUeFzy7INNJaUIpNm9jNcgL8Kg==",
			"license": "MIT"
		},
		"node_modules/@remix-run/data-table-mysql": {
			"version": "0.2.0",
			"resolved": "https://registry.npmjs.org/@remix-run/data-table-mysql/-/data-table-mysql-0.2.0.tgz",
			"integrity": "sha512-voTcYUjG12PWlrWIYSqoa+C3WK9Q6TVKPrqnvGKY9s6EVBil9e+glaP2JOM8BbzL0hGuKPifdbrDGfGpGitdQw==",
			"license": "MIT",
			"dependencies": {
				"@remix-run/data-table": "^0.2.0"
			},
			"peerDependencies": {
				"mysql2": "^3.15.3"
			},
			"peerDependenciesMeta": {
				"mysql2": {
					"optional": true
				}
			}
		},
		"node_modules/@remix-run/data-table-postgres": {
			"version": "0.2.0",
			"resolved": "https://registry.npmjs.org/@remix-run/data-table-postgres/-/data-table-postgres-0.2.0.tgz",
			"integrity": "sha512-03v+zpWL4lMJr34PZ76PWFpjIa4K6Uq3NLBqyvN4ojPpm6J7TGsFwPy6sInRm3HjoS4gPSCEmmQ7dUovWa58EA==",
			"license": "MIT",
			"dependencies": {
				"@remix-run/data-table": "^0.2.0"
			},
			"peerDependencies": {
				"pg": "^8.16.3"
			},
			"peerDependenciesMeta": {
				"pg": {
					"optional": true
				}
			}
		},
		"node_modules/@remix-run/data-table-sqlite": {
			"version": "0.2.0",
			"resolved": "https://registry.npmjs.org/@remix-run/data-table-sqlite/-/data-table-sqlite-0.2.0.tgz",
			"integrity": "sha512-TAQ0u8YnmO3WdnuZULPhc+fgZbKZZPutXiPLf8c9NDhXSC41FlcvfQHTKUxBPVhqdi9mhGiblHHNp6BsVu11dg==",
			"license": "MIT",
			"dependencies": {
				"@remix-run/data-table": "^0.2.0"
			},
			"peerDependencies": {
				"better-sqlite3": "^12.4.1"
			},
			"peerDependenciesMeta": {
				"better-sqlite3": {
					"optional": true
				}
			}
		},
		"node_modules/@remix-run/fetch-proxy": {
			"version": "0.7.1",
			"resolved": "https://registry.npmjs.org/@remix-run/fetch-proxy/-/fetch-proxy-0.7.1.tgz",
			"integrity": "sha512-rPLfOpAaCXtm1dLI45uIPKERNbXbrh0P9AJc1sliz8pWd/McaFYjdr5KzB4QrFSfPvEt/Wmy6F2521qB1kK0ug==",
			"license": "MIT",
			"dependencies": {
				"@remix-run/headers": "^0.19.0"
			}
		},
		"node_modules/@remix-run/fetch-router": {
			"version": "0.18.0",
			"resolved": "https://registry.npmjs.org/@remix-run/fetch-router/-/fetch-router-0.18.0.tgz",
			"integrity": "sha512-9Z4JgLH9/jD8jiVvAY9LZR+VoZxPJOQ7pENTBJoSo91PZOkPXfCxQWhPhAwYCP8z+/0FV4ZWSg1DmPPoU2f0UQ==",
			"license": "MIT",
			"dependencies": {
				"@remix-run/route-pattern": "^0.20.0"
			}
		},
		"node_modules/@remix-run/file-storage": {
			"version": "0.13.3",
			"resolved": "https://registry.npmjs.org/@remix-run/file-storage/-/file-storage-0.13.3.tgz",
			"integrity": "sha512-HBDz9RRsFRvI6EoeasklxH/NleGy0QZBXBcA4gQBW8ueucop21TQI4wvGlhZmXcnJ3nP4RkhdF2Gff2/HD5eiA==",
			"license": "MIT",
			"dependencies": {
				"@remix-run/fs": "^0.4.2",
				"@remix-run/lazy-file": "^5.0.2"
			}
		},
		"node_modules/@remix-run/file-storage-s3": {
			"version": "0.1.0",
			"resolved": "https://registry.npmjs.org/@remix-run/file-storage-s3/-/file-storage-s3-0.1.0.tgz",
			"integrity": "sha512-r80An7nSFidK/0xn9O9/HxfUcgxVpM4kprnTGr6pGhKdgbaTCEtA+U5ETYGfeedFxhDcT+7ue+4Fv/VxeIvFwQ==",
			"license": "MIT",
			"dependencies": {
				"@remix-run/file-storage": "^0.13.3",
				"aws4fetch": "^1.0.20"
			}
		},
		"node_modules/@remix-run/form-data-middleware": {
			"version": "0.2.0",
			"resolved": "https://registry.npmjs.org/@remix-run/form-data-middleware/-/form-data-middleware-0.2.0.tgz",
			"integrity": "sha512-oaBcYvyP/U2GrDdFyQUh2pNCshvKwPFBoUup1Bz3NHnMzym4OkZJgaBi4o7HIJC33QudnqI7Mp7TW1pRg0CvIA==",
			"license": "MIT",
			"dependencies": {
				"@remix-run/fetch-router": "^0.18.0",
				"@remix-run/form-data-parser": "^0.16.0"
			}
		},
		"node_modules/@remix-run/form-data-parser": {
			"version": "0.16.0",
			"resolved": "https://registry.npmjs.org/@remix-run/form-data-parser/-/form-data-parser-0.16.0.tgz",
			"integrity": "sha512-k4QCgCyPURpqe+9Rual1GBJ8Ab6ri82Clfh5ooxq03jKQ1TyQZT5xh+XP0R05+Bqg5bzAZl7r2BpmDEvfoRTWw==",
			"license": "MIT",
			"dependencies": {
				"@remix-run/multipart-parser": "^0.15.0"
			}
		},
		"node_modules/@remix-run/fs": {
			"version": "0.4.2",
			"resolved": "https://registry.npmjs.org/@remix-run/fs/-/fs-0.4.2.tgz",
			"integrity": "sha512-z3W2L+iUwgZ7i0S379SYQ8veOe2Weqs+JajmyTCqSVzbmMUniH3qQ6SAYr3FjbrKtLLWHN3SpK4XtFv57VzbLA==",
			"license": "MIT",
			"dependencies": {
				"@remix-run/lazy-file": "^5.0.2",
				"@remix-run/mime": "^0.4.0"
			}
		},
		"node_modules/@remix-run/headers": {
			"version": "0.19.0",
			"resolved": "https://registry.npmjs.org/@remix-run/headers/-/headers-0.19.0.tgz",
			"integrity": "sha512-+62NbkXuXm9r/NdG6KfH9OCKofCWm8VjkrVPICiHKtRl8Gf2Vi6eFTN4mGgBlZRhd5mmEVRV4hTIn/JUSHDAOw==",
			"license": "MIT"
		},
		"node_modules/@remix-run/html-template": {
			"version": "0.3.0",
			"resolved": "https://registry.npmjs.org/@remix-run/html-template/-/html-template-0.3.0.tgz",
			"integrity": "sha512-aAMx68udtIk0fmCpCXHYscVeCDsRVEmEgh4XvtusPr3vkHu3jn4gx5oAxgsPXPdDmmD/d75SYyI0m/F+aLz5iQ==",
			"license": "MIT"
		},
		"node_modules/@remix-run/interaction": {
			"version": "0.5.0",
			"resolved": "https://registry.npmjs.org/@remix-run/interaction/-/interaction-0.5.0.tgz",
			"integrity": "sha512-Z2ja9/7TfMHt/wzWq425GI2xj6QxW4E3OHZ8In81uytZKIuWaI6Pn3v8qyMrInwnBEaLcfcbeQVCiExgHU8D4A==",
			"license": "MIT"
		},
		"node_modules/@remix-run/lazy-file": {
			"version": "5.0.2",
			"resolved": "https://registry.npmjs.org/@remix-run/lazy-file/-/lazy-file-5.0.2.tgz",
			"integrity": "sha512-52Bo5dTV+EDwrUMS3mjeR+Sly85aHeN3fnNTeaflqzlCMWJwr2pX+y6/3mTDtRdxmTWF1MGQAoeayzfPb4zZJg==",
			"license": "MIT",
			"dependencies": {
				"@remix-run/mime": "^0.4.0"
			}
		},
		"node_modules/@remix-run/logger-middleware": {
			"version": "0.1.4",
			"resolved": "https://registry.npmjs.org/@remix-run/logger-middleware/-/logger-middleware-0.1.4.tgz",
			"integrity": "sha512-gFDyYn8o5ddjQoEbrc8CK6PPq3lzrOX6BCqlvM+QVTMJ5/2aHgfMbQdXnWtbeiWJJrpODpABrSNfjLkHjaK4og==",
			"license": "MIT",
			"dependencies": {
				"@remix-run/fetch-router": "^0.18.0"
			}
		},
		"node_modules/@remix-run/method-override-middleware": {
			"version": "0.1.5",
			"resolved": "https://registry.npmjs.org/@remix-run/method-override-middleware/-/method-override-middleware-0.1.5.tgz",
			"integrity": "sha512-HYQG6YR4l0rYMJ0MXth9SWfeSCwnqHIrWgMQpZHKS/MT7roX7EAfknrl9vzjQWsVfkwl6RrSD30SrLPONj3tsg==",
			"license": "MIT",
			"dependencies": {
				"@remix-run/fetch-router": "^0.18.0"
			}
		},
		"node_modules/@remix-run/mime": {
			"version": "0.4.0",
			"resolved": "https://registry.npmjs.org/@remix-run/mime/-/mime-0.4.0.tgz",
			"integrity": "sha512-O6TcTL6CtuX82Q8BHqAere5O+0hYcrzSgY9whsDOBuqbW753Rczprs2jYw3qCDSo0kLxykW4ys3qgZcdgZ+chw==",
			"license": "MIT"
		},
		"node_modules/@remix-run/multipart-parser": {
			"version": "0.15.0",
			"resolved": "https://registry.npmjs.org/@remix-run/multipart-parser/-/multipart-parser-0.15.0.tgz",
			"integrity": "sha512-/Ugo6k2bN7gh7Ybyhe7R/NrkD075fHrEfVf17P+NNC9rlWHBQCOSyJ4V8n4wtoG8umeImagU/AuHuUuTwzvHww==",
			"license": "MIT",
			"dependencies": {
				"@remix-run/headers": "^0.19.0"
			}
		},
		"node_modules/@remix-run/response": {
			"version": "0.3.2",
			"resolved": "https://registry.npmjs.org/@remix-run/response/-/response-0.3.2.tgz",
			"integrity": "sha512-GkFqVq5E7Do6rMKTBjgoNyJlrsLrqYg+TDlCDrXoZ3v8O2RlSI14+bCF8lGQHy15DWX2pizVj6R0e6NmjcuLuA==",
			"license": "MIT",
			"dependencies": {
				"@remix-run/headers": "^0.19.0",
				"@remix-run/html-template": "^0.3.0",
				"@remix-run/mime": "^0.4.0"
			}
		},
		"node_modules/@remix-run/route-pattern": {
			"version": "0.20.0",
			"resolved": "https://registry.npmjs.org/@remix-run/route-pattern/-/route-pattern-0.20.0.tgz",
			"integrity": "sha512-TEdJ5eFn40St26oyaRYGI1FWeXDvlEzkbvollM8Xit0qIuDFyFG03Okvvfc1s8KgR9sYULDPjxJIzk6xvIRR9A==",
			"license": "MIT"
		},
		"node_modules/@remix-run/session": {
			"version": "0.4.1",
			"resolved": "https://registry.npmjs.org/@remix-run/session/-/session-0.4.1.tgz",
			"integrity": "sha512-Bm6aKYgutb/raHZ3laloz8g/Qu7f3CeK3o4gUVDMxtEiAdWCzJamwHoTpGOc5+g1Kuy7z85v4M6nGrF06MFDSg==",
			"license": "MIT"
		},
		"node_modules/@remix-run/session-middleware": {
			"version": "0.2.0",
			"resolved": "https://registry.npmjs.org/@remix-run/session-middleware/-/session-middleware-0.2.0.tgz",
			"integrity": "sha512-kRAr0inELyXeOnUhlaM/eKIe9x1RZsOGbglb7Keb1+Lf6KxWxNMwv1ymmHBfae2ossjQTN/QUaABwQgX/uk3DQ==",
			"license": "MIT",
			"dependencies": {
				"@remix-run/cookie": "^0.5.1",
				"@remix-run/fetch-router": "^0.18.0",
				"@remix-run/session": "^0.4.1"
			}
		},
		"node_modules/@remix-run/session-storage-memcache": {
			"version": "0.1.0",
			"resolved": "https://registry.npmjs.org/@remix-run/session-storage-memcache/-/session-storage-memcache-0.1.0.tgz",
			"integrity": "sha512-k853rpHncdTJUwdk0hqd+gZ2OONZLNdOUJBKdJB+MehxrVv1TtacDnA+Xs3kh+IVwUrsTmBhED+GHSUocMATUg==",
			"license": "MIT",
			"dependencies": {
				"@remix-run/session": "^0.4.1"
			}
		},
		"node_modules/@remix-run/session-storage-redis": {
			"version": "0.1.0",
			"resolved": "https://registry.npmjs.org/@remix-run/session-storage-redis/-/session-storage-redis-0.1.0.tgz",
			"integrity": "sha512-MovUS1E98wDHP8zsESJGm3ySB7iiOhd+3usxyXXM2sbF9gIe6r1bdAXXirGIoC8AEq1v8IiFE5u5ipo7PX0UHQ==",
			"license": "MIT",
			"dependencies": {
				"@remix-run/session": "^0.4.1"
			},
			"peerDependencies": {
				"redis": "^5.10.0"
			},
			"peerDependenciesMeta": {
				"redis": {
					"optional": true
				}
			}
		},
		"node_modules/@remix-run/static-middleware": {
			"version": "0.4.5",
			"resolved": "https://registry.npmjs.org/@remix-run/static-middleware/-/static-middleware-0.4.5.tgz",
			"integrity": "sha512-jxEbrQMDWcUgmv/2NSv4pahvaW3I4jxqZUMDQ7/VfkcgeJKLFk15vgp4BJ5vLDKKMvwVcgM0Ccbw4Y3Ev2zemA==",
			"license": "MIT",
			"dependencies": {
				"@remix-run/fetch-router": "^0.18.0",
				"@remix-run/fs": "^0.4.2",
				"@remix-run/html-template": "^0.3.0",
				"@remix-run/mime": "^0.4.0",
				"@remix-run/response": "^0.3.2"
			}
		},
		"node_modules/@remix-run/tar-parser": {
			"version": "0.7.0",
			"resolved": "https://registry.npmjs.org/@remix-run/tar-parser/-/tar-parser-0.7.0.tgz",
			"integrity": "sha512-PW8JxEUzaGcnqxC5hBI8L9lK/Qz3oad6IGKZ+NExI3L7urVJUux+yCBrsme79DMBgS6hL+lgd/5LPFA5fSwF9A==",
			"license": "MIT"
		},
		"node_modules/@standard-schema/spec": {
			"version": "1.1.0",
			"resolved": "https://registry.npmjs.org/@standard-schema/spec/-/spec-1.1.0.tgz",
			"integrity": "sha512-l2aFy5jALhniG5HgqrD6jXLi/rUWrKvqN/qJx6yoJsgKhblVd+iqqU4RCXavm/jPityDo5TCvKMnpjKnOriy0w==",
			"license": "MIT"
		},
		"node_modules/@types/node": {
			"version": "24.12.0",
			"resolved": "https://registry.npmjs.org/@types/node/-/node-24.12.0.tgz",
			"integrity": "sha512-GYDxsZi3ChgmckRT9HPU0WEhKLP08ev/Yfcq2AstjrDASOYCSXeyjDsHg4v5t4jOj7cyDX3vmprafKlWIG9MXQ==",
			"dev": true,
			"license": "MIT",
			"dependencies": {
				"undici-types": "~7.16.0"
			}
		},
		"node_modules/aws4fetch": {
			"version": "1.0.20",
			"resolved": "https://registry.npmjs.org/aws4fetch/-/aws4fetch-1.0.20.tgz",
			"integrity": "sha512-/djoAN709iY65ETD6LKCtyyEI04XIBP5xVvfmNxsEP0uJB5tyaGBztSryRr4HqMStr9R06PisQE7m9zDTXKu6g==",
			"license": "MIT"
		},
		"node_modules/esbuild": {
			"version": "0.27.4",
			"resolved": "https://registry.npmjs.org/esbuild/-/esbuild-0.27.4.tgz",
			"integrity": "sha512-Rq4vbHnYkK5fws5NF7MYTU68FPRE1ajX7heQ/8QXXWqNgqqJ/GkmmyxIzUnf2Sr/bakf8l54716CcMGHYhMrrQ==",
			"hasInstallScript": true,
			"license": "MIT",
			"bin": {
				"esbuild": "bin/esbuild"
			},
			"engines": {
				"node": ">=18"
			},
			"optionalDependencies": {
				"@esbuild/aix-ppc64": "0.27.4",
				"@esbuild/android-arm": "0.27.4",
				"@esbuild/android-arm64": "0.27.4",
				"@esbuild/android-x64": "0.27.4",
				"@esbuild/darwin-arm64": "0.27.4",
				"@esbuild/darwin-x64": "0.27.4",
				"@esbuild/freebsd-arm64": "0.27.4",
				"@esbuild/freebsd-x64": "0.27.4",
				"@esbuild/linux-arm": "0.27.4",
				"@esbuild/linux-arm64": "0.27.4",
				"@esbuild/linux-ia32": "0.27.4",
				"@esbuild/linux-loong64": "0.27.4",
				"@esbuild/linux-mips64el": "0.27.4",
				"@esbuild/linux-ppc64": "0.27.4",
				"@esbuild/linux-riscv64": "0.27.4",
				"@esbuild/linux-s390x": "0.27.4",
				"@esbuild/linux-x64": "0.27.4",
				"@esbuild/netbsd-arm64": "0.27.4",
				"@esbuild/netbsd-x64": "0.27.4",
				"@esbuild/openbsd-arm64": "0.27.4",
				"@esbuild/openbsd-x64": "0.27.4",
				"@esbuild/openharmony-arm64": "0.27.4",
				"@esbuild/sunos-x64": "0.27.4",
				"@esbuild/win32-arm64": "0.27.4",
				"@esbuild/win32-ia32": "0.27.4",
				"@esbuild/win32-x64": "0.27.4"
			}
		},
		"node_modules/fsevents": {
			"version": "2.3.3",
			"resolved": "https://registry.npmjs.org/fsevents/-/fsevents-2.3.3.tgz",
			"integrity": "sha512-5xoDfX+fL7faATnagmWPpbFtwh/R77WmMMqqHGS65C3vvB0YHrgF+B1YmZ3441tMj5n63k0212XNoJwzlhffQw==",
			"hasInstallScript": true,
			"license": "MIT",
			"optional": true,
			"os": [
				"darwin"
			],
			"engines": {
				"node": "^8.16.0 || ^10.6.0 || >=11.0.0"
			}
		},
		"node_modules/get-tsconfig": {
			"version": "4.13.6",
			"resolved": "https://registry.npmjs.org/get-tsconfig/-/get-tsconfig-4.13.6.tgz",
			"integrity": "sha512-shZT/QMiSHc/YBLxxOkMtgSid5HFoauqCE3/exfsEcwg1WkeqjG+V40yBbBrsD+jW2HDXcs28xOfcbm2jI8Ddw==",
			"license": "MIT",
			"dependencies": {
				"resolve-pkg-maps": "^1.0.0"
			},
			"funding": {
				"url": "https://github.com/privatenumber/get-tsconfig?sponsor=1"
			}
		},
		"node_modules/openai": {
			"version": "6.29.0",
			"resolved": "https://registry.npmjs.org/openai/-/openai-6.29.0.tgz",
			"integrity": "sha512-YxoArl2BItucdO89/sN6edksV0x47WUTgkgVfCgX7EuEMhbirENsgYe5oO4LTjBL9PtdKtk2WqND1gSLcTd2yw==",
			"license": "Apache-2.0",
			"bin": {
				"openai": "bin/cli"
			},
			"peerDependencies": {
				"ws": "^8.18.0",
				"zod": "^3.25 || ^4.0"
			},
			"peerDependenciesMeta": {
				"ws": {
					"optional": true
				},
				"zod": {
					"optional": true
				}
			}
		},
		"node_modules/remix": {
			"version": "3.0.0-alpha.4",
			"resolved": "https://registry.npmjs.org/remix/-/remix-3.0.0-alpha.4.tgz",
			"integrity": "sha512-fvYHPm8QbrbL09wmmddrnknyntB+fl4bLmpECpK32cOoJW3pMoMvESBB1qRAQe+yWgTexVjp5G3BGOmmtYOX0A==",
			"license": "MIT",
			"dependencies": {
				"@remix-run/async-context-middleware": "^0.2.0",
				"@remix-run/auth": "^0.1.0",
				"@remix-run/auth-middleware": "^0.1.0",
				"@remix-run/component": "^0.6.0",
				"@remix-run/compression-middleware": "^0.1.4",
				"@remix-run/cookie": "^0.5.1",
				"@remix-run/cop-middleware": "^0.1.0",
				"@remix-run/cors-middleware": "^0.1.0",
				"@remix-run/csrf-middleware": "^0.1.0",
				"@remix-run/data-schema": "^0.2.0",
				"@remix-run/data-table": "^0.2.0",
				"@remix-run/data-table-mysql": "^0.2.0",
				"@remix-run/data-table-postgres": "^0.2.0",
				"@remix-run/data-table-sqlite": "^0.2.0",
				"@remix-run/fetch-proxy": "^0.7.1",
				"@remix-run/fetch-router": "^0.18.0",
				"@remix-run/file-storage": "^0.13.3",
				"@remix-run/file-storage-s3": "^0.1.0",
				"@remix-run/form-data-middleware": "^0.2.0",
				"@remix-run/form-data-parser": "^0.16.0",
				"@remix-run/fs": "^0.4.2",
				"@remix-run/headers": "^0.19.0",
				"@remix-run/html-template": "^0.3.0",
				"@remix-run/lazy-file": "^5.0.2",
				"@remix-run/logger-middleware": "^0.1.4",
				"@remix-run/method-override-middleware": "^0.1.5",
				"@remix-run/mime": "^0.4.0",
				"@remix-run/multipart-parser": "^0.15.0",
				"@remix-run/node-fetch-server": "^0.13.0",
				"@remix-run/response": "^0.3.2",
				"@remix-run/route-pattern": "^0.20.0",
				"@remix-run/session": "^0.4.1",
				"@remix-run/session-middleware": "^0.2.0",
				"@remix-run/session-storage-memcache": "^0.1.0",
				"@remix-run/session-storage-redis": "^0.1.0",
				"@remix-run/static-middleware": "^0.4.5",
				"@remix-run/tar-parser": "^0.7.0"
			}
		},
		"node_modules/remix/node_modules/@remix-run/component": {
			"version": "0.5.0",
			"resolved": "https://registry.npmjs.org/@remix-run/component/-/component-0.5.0.tgz",
			"integrity": "sha512-xRLOcgwWKZxFdj63bWi3/snC2uxkm978B49EGEv1/G43iBFksYjS4ADanfYxREvQjMlaCqSUH0ZTZsJbGsz3PQ==",
			"license": "MIT",
			"dependencies": {
				"@remix-run/interaction": "^0.5.0"
			}
		},
		"node_modules/remix/node_modules/@remix-run/node-fetch-server": {
			"version": "0.13.0",
			"resolved": "https://registry.npmjs.org/@remix-run/node-fetch-server/-/node-fetch-server-0.13.0.tgz",
			"integrity": "sha512-1EsNo0ZpgXu/90AWoRZf/oE3RVTUS80tiTUpt+hv5pjtAkw7icN4WskDwz/KdAw5ARbJLMhZBrO1NqThmy/McA==",
			"license": "MIT"
		},
		"node_modules/resolve-pkg-maps": {
			"version": "1.0.0",
			"resolved": "https://registry.npmjs.org/resolve-pkg-maps/-/resolve-pkg-maps-1.0.0.tgz",
			"integrity": "sha512-seS2Tj26TBVOC2NIc2rOe2y2ZO7efxITtLZcGSOnHHNOQ7CkiUBfw0Iw2ck6xkIhPwLhKNLS8BO+hEpngQlqzw==",
			"license": "MIT",
			"funding": {
				"url": "https://github.com/privatenumber/resolve-pkg-maps?sponsor=1"
			}
		},
		"node_modules/tsx": {
			"version": "4.21.0",
			"resolved": "https://registry.npmjs.org/tsx/-/tsx-4.21.0.tgz",
			"integrity": "sha512-5C1sg4USs1lfG0GFb2RLXsdpXqBSEhAaA/0kPL01wxzpMqLILNxIxIOKiILz+cdg/pLnOUxFYOR5yhHU666wbw==",
			"license": "MIT",
			"dependencies": {
				"esbuild": "~0.27.0",
				"get-tsconfig": "^4.7.5"
			},
			"bin": {
				"tsx": "dist/cli.mjs"
			},
			"engines": {
				"node": ">=18.0.0"
			},
			"optionalDependencies": {
				"fsevents": "~2.3.3"
			}
		},
		"node_modules/typescript": {
			"version": "5.9.3",
			"resolved": "https://registry.npmjs.org/typescript/-/typescript-5.9.3.tgz",
			"integrity": "sha512-jl1vZzPDinLr9eUt3J/t7V6FgNEw9QjvBPdysz9KfQDD41fQrC2Y4vKQdiaUpFT4bXlb1RHhLpp8wtm6M5TgSw==",
			"dev": true,
			"license": "Apache-2.0",
			"bin": {
				"tsc": "bin/tsc",
				"tsserver": "bin/tsserver"
			},
			"engines": {
				"node": ">=14.17"
			}
		},
		"node_modules/undici-types": {
			"version": "7.16.0",
			"resolved": "https://registry.npmjs.org/undici-types/-/undici-types-7.16.0.tgz",
			"integrity": "sha512-Zz+aZWSj8LE6zoxD+xrjh4VfkIG8Ya6LvYkZqtUQGJPZjYl53ypCaUwWqo7eI0x66KBGeRo+mlBEkMSeSZ38Nw==",
			"dev": true,
			"license": "MIT"
		}
	}
}
